// !$*UTF8*$!
{
	archiveVersion = 1;
	classes = {
	};
	objectVersion = 46;
	objects = {

/* Begin PBXBuildFile section */
		88F42B2023C4A5A816DF45FD /* libPods-What to Pack?.a in Frameworks */ = {isa = PBXBuildFile; fileRef = F4828915BA3361BE2B8FD2D2 /* libPods-What to Pack?.a */; };
		DA5E0FDC180D795200302B3C /* Foundation.framework in Frameworks */ = {isa = PBXBuildFile; fileRef = DA5E0FDB180D795200302B3C /* Foundation.framework */; };
		DA5E0FDE180D795200302B3C /* CoreGraphics.framework in Frameworks */ = {isa = PBXBuildFile; fileRef = DA5E0FDD180D795200302B3C /* CoreGraphics.framework */; };
		DA5E0FE0180D795200302B3C /* UIKit.framework in Frameworks */ = {isa = PBXBuildFile; fileRef = DA5E0FDF180D795200302B3C /* UIKit.framework */; };
		DA5E0FE6180D795200302B3C /* InfoPlist.strings in Resources */ = {isa = PBXBuildFile; fileRef = DA5E0FE4180D795200302B3C /* InfoPlist.strings */; };
		DA5E0FE8180D795200302B3C /* main.m in Sources */ = {isa = PBXBuildFile; fileRef = DA5E0FE7180D795200302B3C /* main.m */; };
		DA5E0FEC180D795200302B3C /* AppDelegate.m in Sources */ = {isa = PBXBuildFile; fileRef = DA5E0FEB180D795200302B3C /* AppDelegate.m */; };
		DA5E0FEF180D795200302B3C /* Main.storyboard in Resources */ = {isa = PBXBuildFile; fileRef = DA5E0FED180D795200302B3C /* Main.storyboard */; };
		DA5E0FF5180D795200302B3C /* ViewController.m in Sources */ = {isa = PBXBuildFile; fileRef = DA5E0FF4180D795200302B3C /* ViewController.m */; };
		DA5E0FF7180D795200302B3C /* Images.xcassets in Resources */ = {isa = PBXBuildFile; fileRef = DA5E0FF6180D795200302B3C /* Images.xcassets */; };
		DA801C811A7169CE007894B3 /* QuartzCore.framework in Frameworks */ = {isa = PBXBuildFile; fileRef = DA801C801A7169CE007894B3 /* QuartzCore.framework */; };
		DA86EAD418AAADDB00DEDC8B /* AudioToolbox.framework in Frameworks */ = {isa = PBXBuildFile; fileRef = DA86EAD318AAADDB00DEDC8B /* AudioToolbox.framework */; };
		DAE82EB6195AE84A0004EE7D /* MTAnimatedLabel.m in Sources */ = {isa = PBXBuildFile; fileRef = DAE82EB5195AE84A0004EE7D /* MTAnimatedLabel.m */; };
		DAF8E88E18A91CA500B584C8 /* WhatToPackViewController.m in Sources */ = {isa = PBXBuildFile; fileRef = DAF8E88D18A91CA500B584C8 /* WhatToPackViewController.m */; };
/* End PBXBuildFile section */

/* Begin PBXFileReference section */
		60C28B2C189C49A66BF0B467 /* Pods-What to Pack?.debug.xcconfig */ = {isa = PBXFileReference; includeInIndex = 1; lastKnownFileType = text.xcconfig; name = "Pods-What to Pack?.debug.xcconfig"; path = "Pods/Target Support Files/Pods-What to Pack?/Pods-What to Pack?.debug.xcconfig"; sourceTree = "<group>"; };
		DA5E0FD8180D795200302B3C /* What to Pack.app */ = {isa = PBXFileReference; explicitFileType = wrapper.application; includeInIndex = 0; path = "What to Pack.app"; sourceTree = BUILT_PRODUCTS_DIR; };
		DA5E0FDB180D795200302B3C /* Foundation.framework */ = {isa = PBXFileReference; lastKnownFileType = wrapper.framework; name = Foundation.framework; path = System/Library/Frameworks/Foundation.framework; sourceTree = SDKROOT; };
		DA5E0FDD180D795200302B3C /* CoreGraphics.framework */ = {isa = PBXFileReference; lastKnownFileType = wrapper.framework; name = CoreGraphics.framework; path = System/Library/Frameworks/CoreGraphics.framework; sourceTree = SDKROOT; };
		DA5E0FDF180D795200302B3C /* UIKit.framework */ = {isa = PBXFileReference; lastKnownFileType = wrapper.framework; name = UIKit.framework; path = System/Library/Frameworks/UIKit.framework; sourceTree = SDKROOT; };
		DA5E0FE3180D795200302B3C /* What to Pack?.temp_caseinsensitive_rename-Info.plist */ = {isa = PBXFileReference; lastKnownFileType = text.plist.xml; path = "What to Pack?.temp_caseinsensitive_rename-Info.plist"; sourceTree = "<group>"; };
		DA5E0FE5180D795200302B3C /* en */ = {isa = PBXFileReference; lastKnownFileType = text.plist.strings; name = en; path = en.lproj/InfoPlist.strings; sourceTree = "<group>"; };
		DA5E0FE7180D795200302B3C /* main.m */ = {isa = PBXFileReference; lastKnownFileType = sourcecode.c.objc; path = main.m; sourceTree = "<group>"; };
		DA5E0FE9180D795200302B3C /* What to Pack?.temp_caseinsensitive_rename-Prefix.pch */ = {isa = PBXFileReference; lastKnownFileType = sourcecode.c.h; path = "What to Pack?.temp_caseinsensitive_rename-Prefix.pch"; sourceTree = "<group>"; };
		DA5E0FEA180D795200302B3C /* AppDelegate.h */ = {isa = PBXFileReference; lastKnownFileType = sourcecode.c.h; path = AppDelegate.h; sourceTree = "<group>"; };
		DA5E0FEB180D795200302B3C /* AppDelegate.m */ = {isa = PBXFileReference; lastKnownFileType = sourcecode.c.objc; path = AppDelegate.m; sourceTree = "<group>"; };
		DA5E0FEE180D795200302B3C /* Base */ = {isa = PBXFileReference; lastKnownFileType = file.storyboard; name = Base; path = Base.lproj/Main.storyboard; sourceTree = "<group>"; };
		DA5E0FF3180D795200302B3C /* ViewController.h */ = {isa = PBXFileReference; lastKnownFileType = sourcecode.c.h; path = ViewController.h; sourceTree = "<group>"; };
		DA5E0FF4180D795200302B3C /* ViewController.m */ = {isa = PBXFileReference; lastKnownFileType = sourcecode.c.objc; path = ViewController.m; sourceTree = "<group>"; };
		DA5E0FF6180D795200302B3C /* Images.xcassets */ = {isa = PBXFileReference; lastKnownFileType = folder.assetcatalog; path = Images.xcassets; sourceTree = "<group>"; };
		DA5E0FFD180D795200302B3C /* XCTest.framework */ = {isa = PBXFileReference; lastKnownFileType = wrapper.framework; name = XCTest.framework; path = Library/Frameworks/XCTest.framework; sourceTree = DEVELOPER_DIR; };
		DA801C801A7169CE007894B3 /* QuartzCore.framework */ = {isa = PBXFileReference; lastKnownFileType = wrapper.framework; name = QuartzCore.framework; path = System/Library/Frameworks/QuartzCore.framework; sourceTree = SDKROOT; };
		DA86EAD318AAADDB00DEDC8B /* AudioToolbox.framework */ = {isa = PBXFileReference; lastKnownFileType = wrapper.framework; name = AudioToolbox.framework; path = System/Library/Frameworks/AudioToolbox.framework; sourceTree = SDKROOT; };
		DAE82EB4195AE84A0004EE7D /* MTAnimatedLabel.h */ = {isa = PBXFileReference; fileEncoding = 4; lastKnownFileType = sourcecode.c.h; path = MTAnimatedLabel.h; sourceTree = "<group>"; };
		DAE82EB5195AE84A0004EE7D /* MTAnimatedLabel.m */ = {isa = PBXFileReference; fileEncoding = 4; lastKnownFileType = sourcecode.c.objc; path = MTAnimatedLabel.m; sourceTree = "<group>"; };
		DAF8E88C18A91CA500B584C8 /* WhatToPackViewController.h */ = {isa = PBXFileReference; fileEncoding = 4; lastKnownFileType = sourcecode.c.h; path = WhatToPackViewController.h; sourceTree = "<group>"; };
		DAF8E88D18A91CA500B584C8 /* WhatToPackViewController.m */ = {isa = PBXFileReference; fileEncoding = 4; lastKnownFileType = sourcecode.c.objc; path = WhatToPackViewController.m; sourceTree = "<group>"; };
		DB5CA4302D9DE61008DA2CB2 /* Pods-What to Pack?.release.xcconfig */ = {isa = PBXFileReference; includeInIndex = 1; lastKnownFileType = text.xcconfig; name = "Pods-What to Pack?.release.xcconfig"; path = "Pods/Target Support Files/Pods-What to Pack?/Pods-What to Pack?.release.xcconfig"; sourceTree = "<group>"; };
		F4828915BA3361BE2B8FD2D2 /* libPods-What to Pack?.a */ = {isa = PBXFileReference; explicitFileType = archive.ar; includeInIndex = 0; path = "libPods-What to Pack?.a"; sourceTree = BUILT_PRODUCTS_DIR; };
/* End PBXFileReference section */

/* Begin PBXFrameworksBuildPhase section */
		DA5E0FD5180D795200302B3C /* Frameworks */ = {
			isa = PBXFrameworksBuildPhase;
			buildActionMask = 2147483647;
			files = (
				DA801C811A7169CE007894B3 /* QuartzCore.framework in Frameworks */,
				DA86EAD418AAADDB00DEDC8B /* AudioToolbox.framework in Frameworks */,
				DA5E0FDE180D795200302B3C /* CoreGraphics.framework in Frameworks */,
				DA5E0FE0180D795200302B3C /* UIKit.framework in Frameworks */,
				DA5E0FDC180D795200302B3C /* Foundation.framework in Frameworks */,
				88F42B2023C4A5A816DF45FD /* libPods-What to Pack?.a in Frameworks */,
			);
			runOnlyForDeploymentPostprocessing = 0;
		};
/* End PBXFrameworksBuildPhase section */

/* Begin PBXGroup section */
		5614D94D2C90404FF0110924 /* Pods */ = {
			isa = PBXGroup;
			children = (
				60C28B2C189C49A66BF0B467 /* Pods-What to Pack?.debug.xcconfig */,
				DB5CA4302D9DE61008DA2CB2 /* Pods-What to Pack?.release.xcconfig */,
			);
			name = Pods;
			sourceTree = "<group>";
		};
		DA5E0FCF180D795200302B3C = {
			isa = PBXGroup;
			children = (
				DA5E0FE1180D795200302B3C /* What to pack? */,
				DA5E0FDA180D795200302B3C /* Frameworks */,
				DA5E0FD9180D795200302B3C /* Products */,
				5614D94D2C90404FF0110924 /* Pods */,
			);
			sourceTree = "<group>";
		};
		DA5E0FD9180D795200302B3C /* Products */ = {
			isa = PBXGroup;
			children = (
				DA5E0FD8180D795200302B3C /* What to Pack.app */,
			);
			name = Products;
			sourceTree = "<group>";
		};
		DA5E0FDA180D795200302B3C /* Frameworks */ = {
			isa = PBXGroup;
			children = (
				DA801C801A7169CE007894B3 /* QuartzCore.framework */,
				DA86EAD318AAADDB00DEDC8B /* AudioToolbox.framework */,
				DA5E0FDB180D795200302B3C /* Foundation.framework */,
				DA5E0FDD180D795200302B3C /* CoreGraphics.framework */,
				DA5E0FDF180D795200302B3C /* UIKit.framework */,
				DA5E0FFD180D795200302B3C /* XCTest.framework */,
				F4828915BA3361BE2B8FD2D2 /* libPods-What to Pack?.a */,
			);
			name = Frameworks;
			sourceTree = "<group>";
		};
		DA5E0FE1180D795200302B3C /* What to pack? */ = {
			isa = PBXGroup;
			children = (
				FBCBA19B1E54EAFC00079A49 /* Classes */,
				FBCBA1991E54EAF000079A49 /* Assets */,
				DA5E0FE2180D795200302B3C /* Supporting Files */,
			);
			path = "What to pack?";
			sourceTree = "<group>";
		};
		DA5E0FE2180D795200302B3C /* Supporting Files */ = {
			isa = PBXGroup;
			children = (
				DAE82EB7195AE84F0004EE7D /* MTAnimatedLabel */,
				DA5E0FE3180D795200302B3C /* What to Pack?.temp_caseinsensitive_rename-Info.plist */,
				DA5E0FE4180D795200302B3C /* InfoPlist.strings */,
				DA5E0FE7180D795200302B3C /* main.m */,
				DA5E0FE9180D795200302B3C /* What to Pack?.temp_caseinsensitive_rename-Prefix.pch */,
			);
			name = "Supporting Files";
			sourceTree = "<group>";
		};
		DAE82EB7195AE84F0004EE7D /* MTAnimatedLabel */ = {
			isa = PBXGroup;
			children = (
				DAE82EB4195AE84A0004EE7D /* MTAnimatedLabel.h */,
				DAE82EB5195AE84A0004EE7D /* MTAnimatedLabel.m */,
			);
			name = MTAnimatedLabel;
			sourceTree = "<group>";
		};
		FBCBA1991E54EAF000079A49 /* Assets */ = {
			isa = PBXGroup;
			children = (
				DA5E0FED180D795200302B3C /* Main.storyboard */,
				DA5E0FF6180D795200302B3C /* Images.xcassets */,
			);
			name = Assets;
			sourceTree = "<group>";
		};
		FBCBA19A1E54EAF600079A49 /* Controllers */ = {
			isa = PBXGroup;
			children = (
				DA5E0FF3180D795200302B3C /* ViewController.h */,
				DA5E0FF4180D795200302B3C /* ViewController.m */,
				DAF8E88C18A91CA500B584C8 /* WhatToPackViewController.h */,
				DAF8E88D18A91CA500B584C8 /* WhatToPackViewController.m */,
			);
			name = Controllers;
			sourceTree = "<group>";
		};
		FBCBA19B1E54EAFC00079A49 /* Classes */ = {
			isa = PBXGroup;
			children = (
				DA5E0FEA180D795200302B3C /* AppDelegate.h */,
				DA5E0FEB180D795200302B3C /* AppDelegate.m */,
				FBCBA19A1E54EAF600079A49 /* Controllers */,
			);
			name = Classes;
			sourceTree = "<group>";
		};
/* End PBXGroup section */

/* Begin PBXNativeTarget section */
		DA5E0FD7180D795200302B3C /* What to Pack? */ = {
			isa = PBXNativeTarget;
			buildConfigurationList = DA5E100D180D795200302B3C /* Build configuration list for PBXNativeTarget "What to Pack?" */;
			buildPhases = (
				B1BEE3CCD3EBEBBA67DC2EC9 /* [CP] Check Pods Manifest.lock */,
				DA5E0FD4180D795200302B3C /* Sources */,
				DA5E0FD5180D795200302B3C /* Frameworks */,
				DA5E0FD6180D795200302B3C /* Resources */,
				57BB5A1E644B0B6DE2E66F8D /* [CP] Embed Pods Frameworks */,
				78F3E26E1B6D46E9D04670FC /* [CP] Copy Pods Resources */,
			);
			buildRules = (
			);
			dependencies = (
			);
			name = "What to Pack?";
			productName = "What to pack?";
			productReference = DA5E0FD8180D795200302B3C /* What to Pack.app */;
			productType = "com.apple.product-type.application";
		};
/* End PBXNativeTarget section */

/* Begin PBXProject section */
		DA5E0FD0180D795200302B3C /* Project object */ = {
			isa = PBXProject;
			attributes = {
				LastUpgradeCheck = 0730;
				ORGANIZATIONNAME = "Georges Kanaan";
				TargetAttributes = {
					DA5E0FD7180D795200302B3C = {
						DevelopmentTeam = 7DTJP5N92F;
					};
				};
			};
			buildConfigurationList = DA5E0FD3180D795200302B3C /* Build configuration list for PBXProject "What to Pack?" */;
			compatibilityVersion = "Xcode 3.2";
			developmentRegion = English;
			hasScannedForEncodings = 0;
			knownRegions = (
				en,
				Base,
			);
			mainGroup = DA5E0FCF180D795200302B3C;
			productRefGroup = DA5E0FD9180D795200302B3C /* Products */;
			projectDirPath = "";
			projectRoot = "";
			targets = (
				DA5E0FD7180D795200302B3C /* What to Pack? */,
			);
		};
/* End PBXProject section */

/* Begin PBXResourcesBuildPhase section */
		DA5E0FD6180D795200302B3C /* Resources */ = {
			isa = PBXResourcesBuildPhase;
			buildActionMask = 2147483647;
			files = (
				DA5E0FF7180D795200302B3C /* Images.xcassets in Resources */,
				DA5E0FEF180D795200302B3C /* Main.storyboard in Resources */,
				DA5E0FE6180D795200302B3C /* InfoPlist.strings in Resources */,
			);
			runOnlyForDeploymentPostprocessing = 0;
		};
/* End PBXResourcesBuildPhase section */

/* Begin PBXShellScriptBuildPhase section */
		57BB5A1E644B0B6DE2E66F8D /* [CP] Embed Pods Frameworks */ = {
			isa = PBXShellScriptBuildPhase;
			buildActionMask = 2147483647;
			files = (
			);
			inputPaths = (
			);
			name = "[CP] Embed Pods Frameworks";
			outputPaths = (
			);
			runOnlyForDeploymentPostprocessing = 0;
			shellPath = /bin/sh;
			shellScript = "\"${SRCROOT}/Pods/Target Support Files/Pods-What to Pack?/Pods-What to Pack?-frameworks.sh\"\n";
			showEnvVarsInLog = 0;
		};
		78F3E26E1B6D46E9D04670FC /* [CP] Copy Pods Resources */ = {
			isa = PBXShellScriptBuildPhase;
			buildActionMask = 2147483647;
			files = (
			);
			inputPaths = (
			);
			name = "[CP] Copy Pods Resources";
			outputPaths = (
			);
			runOnlyForDeploymentPostprocessing = 0;
			shellPath = /bin/sh;
			shellScript = "\"${SRCROOT}/Pods/Target Support Files/Pods-What to Pack?/Pods-What to Pack?-resources.sh\"\n";
			showEnvVarsInLog = 0;
		};
		B1BEE3CCD3EBEBBA67DC2EC9 /* [CP] Check Pods Manifest.lock */ = {
			isa = PBXShellScriptBuildPhase;
			buildActionMask = 2147483647;
			files = (
			);
			inputPaths = (
			);
			name = "[CP] Check Pods Manifest.lock";
			outputPaths = (
			);
			runOnlyForDeploymentPostprocessing = 0;
			shellPath = /bin/sh;
			shellScript = "diff \"${PODS_ROOT}/../Podfile.lock\" \"${PODS_ROOT}/Manifest.lock\" > /dev/null\nif [ $? != 0 ] ; then\n    # print error to STDERR\n    echo \"error: The sandbox is not in sync with the Podfile.lock. Run 'pod install' or update your CocoaPods installation.\" >&2\n    exit 1\nfi\n";
			showEnvVarsInLog = 0;
		};
/* End PBXShellScriptBuildPhase section */

/* Begin PBXSourcesBuildPhase section */
		DA5E0FD4180D795200302B3C /* Sources */ = {
			isa = PBXSourcesBuildPhase;
			buildActionMask = 2147483647;
			files = (
				DA5E0FF5180D795200302B3C /* ViewController.m in Sources */,
				DA5E0FEC180D795200302B3C /* AppDelegate.m in Sources */,
				DAF8E88E18A91CA500B584C8 /* WhatToPackViewController.m in Sources */,
				DA5E0FE8180D795200302B3C /* main.m in Sources */,
				DAE82EB6195AE84A0004EE7D /* MTAnimatedLabel.m in Sources */,
			);
			runOnlyForDeploymentPostprocessing = 0;
		};
/* End PBXSourcesBuildPhase section */

/* Begin PBXVariantGroup section */
		DA5E0FE4180D795200302B3C /* InfoPlist.strings */ = {
			isa = PBXVariantGroup;
			children = (
				DA5E0FE5180D795200302B3C /* en */,
			);
			name = InfoPlist.strings;
			sourceTree = "<group>";
		};
		DA5E0FED180D795200302B3C /* Main.storyboard */ = {
			isa = PBXVariantGroup;
			children = (
				DA5E0FEE180D795200302B3C /* Base */,
			);
			name = Main.storyboard;
			sourceTree = "<group>";
		};
/* End PBXVariantGroup section */

/* Begin XCBuildConfiguration section */
		DA5E100B180D795200302B3C /* Debug */ = {
			isa = XCBuildConfiguration;
			buildSettings = {
				ALWAYS_SEARCH_USER_PATHS = NO;
				CLANG_CXX_LANGUAGE_STANDARD = "gnu++0x";
				CLANG_CXX_LIBRARY = "libc++";
				CLANG_ENABLE_MODULES = YES;
				CLANG_ENABLE_OBJC_ARC = YES;
				CLANG_WARN_BOOL_CONVERSION = YES;
				CLANG_WARN_CONSTANT_CONVERSION = YES;
				CLANG_WARN_DIRECT_OBJC_ISA_USAGE = YES_ERROR;
				CLANG_WARN_EMPTY_BODY = YES;
				CLANG_WARN_ENUM_CONVERSION = YES;
				CLANG_WARN_INT_CONVERSION = YES;
				CLANG_WARN_OBJC_ROOT_CLASS = YES_ERROR;
				CLANG_WARN__DUPLICATE_METHOD_MATCH = YES;
				CODE_SIGN_IDENTITY = "iPhone Developer: ilyas Kanaan (H457J2HWER)";
				"CODE_SIGN_IDENTITY[sdk=iphoneos*]" = "iPhone Developer: ilyas Kanaan (H457J2HWER)";
				COPY_PHASE_STRIP = NO;
				ENABLE_TESTABILITY = YES;
				GCC_C_LANGUAGE_STANDARD = gnu99;
				GCC_DYNAMIC_NO_PIC = NO;
				GCC_OPTIMIZATION_LEVEL = 0;
				GCC_PREPROCESSOR_DEFINITIONS = (
					"DEBUG=1",
					"$(inherited)",
				);
				GCC_SYMBOLS_PRIVATE_EXTERN = NO;
				GCC_WARN_64_TO_32_BIT_CONVERSION = YES;
				GCC_WARN_ABOUT_RETURN_TYPE = YES_ERROR;
				GCC_WARN_UNDECLARED_SELECTOR = YES;
				GCC_WARN_UNINITIALIZED_AUTOS = YES;
				GCC_WARN_UNUSED_FUNCTION = YES;
				GCC_WARN_UNUSED_VARIABLE = YES;
				IPHONEOS_DEPLOYMENT_TARGET = 7.0;
				ONLY_ACTIVE_ARCH = YES;
				OTHER_LDFLAGS = "";
				PRODUCT_NAME = "What to Pack";
				PROVISIONING_PROFILE = "3210cfd2-8910-4b81-aa25-0d790e504d2b";
				SDKROOT = iphoneos;
				TARGETED_DEVICE_FAMILY = "1,2";
			};
			name = Debug;
		};
		DA5E100C180D795200302B3C /* Release */ = {
			isa = XCBuildConfiguration;
			buildSettings = {
				ALWAYS_SEARCH_USER_PATHS = NO;
				CLANG_CXX_LANGUAGE_STANDARD = "gnu++0x";
				CLANG_CXX_LIBRARY = "libc++";
				CLANG_ENABLE_MODULES = YES;
				CLANG_ENABLE_OBJC_ARC = YES;
				CLANG_WARN_BOOL_CONVERSION = YES;
				CLANG_WARN_CONSTANT_CONVERSION = YES;
				CLANG_WARN_DIRECT_OBJC_ISA_USAGE = YES_ERROR;
				CLANG_WARN_EMPTY_BODY = YES;
				CLANG_WARN_ENUM_CONVERSION = YES;
				CLANG_WARN_INT_CONVERSION = YES;
				CLANG_WARN_OBJC_ROOT_CLASS = YES_ERROR;
				CLANG_WARN__DUPLICATE_METHOD_MATCH = YES;
				CODE_SIGN_IDENTITY = "iPhone Distribution: Ilyas Kanaan (7DTJP5N92F)";
				"CODE_SIGN_IDENTITY[sdk=iphoneos*]" = "iPhone Distribution: Ilyas Kanaan (7DTJP5N92F)";
				COPY_PHASE_STRIP = YES;
				ENABLE_NS_ASSERTIONS = NO;
				GCC_C_LANGUAGE_STANDARD = gnu99;
				GCC_WARN_64_TO_32_BIT_CONVERSION = YES;
				GCC_WARN_ABOUT_RETURN_TYPE = YES_ERROR;
				GCC_WARN_UNDECLARED_SELECTOR = YES;
				GCC_WARN_UNINITIALIZED_AUTOS = YES;
				GCC_WARN_UNUSED_FUNCTION = YES;
				GCC_WARN_UNUSED_VARIABLE = YES;
				IPHONEOS_DEPLOYMENT_TARGET = 7.0;
				OTHER_LDFLAGS = "";
				PRODUCT_NAME = "What to Pack";
				PROVISIONING_PROFILE = "6ed346fc-d6a2-4865-a555-bc74d9af7ed7";
				SDKROOT = iphoneos;
				TARGETED_DEVICE_FAMILY = "1,2";
				VALIDATE_PRODUCT = YES;
			};
			name = Release;
		};
		DA5E100E180D795200302B3C /* Debug */ = {
			isa = XCBuildConfiguration;
			baseConfigurationReference = 60C28B2C189C49A66BF0B467 /* Pods-What to Pack?.debug.xcconfig */;
			buildSettings = {
				ASSETCATALOG_COMPILER_APPICON_NAME = AppIcon;
				ASSETCATALOG_COMPILER_LAUNCHIMAGE_NAME = LaunchImage;
				CODE_SIGN_IDENTITY = "iPhone Developer";
				"CODE_SIGN_IDENTITY[sdk=iphoneos*]" = "iPhone Developer";
				FRAMEWORK_SEARCH_PATHS = (
					"$(inherited)",
					"/Users/GeorgesKanaan/Documents/Development/iOS_Development/Apps/What\\ to\\ pack?",
				);
				GCC_PRECOMPILE_PREFIX_HEADER = YES;
				GCC_PREFIX_HEADER = "What to pack?/What to Pack?.temp_caseinsensitive_rename-Prefix.pch";
				INFOPLIST_FILE = "What to pack?/What to Pack?.temp_caseinsensitive_rename-Info.plist";
				IPHONEOS_DEPLOYMENT_TARGET = 7.0;
				PRODUCT_BUNDLE_IDENTIFIER = "com.ge0rges.What-to-pack";
				PRODUCT_NAME = "What to Pack";
				PROVISIONING_PROFILE = "";
				TARGETED_DEVICE_FAMILY = 1;
				WRAPPER_EXTENSION = app;
			};
			name = Debug;
		};
		DA5E100F180D795200302B3C /* Release */ = {
			isa = XCBuildConfiguration;
			baseConfigurationReference = DB5CA4302D9DE61008DA2CB2 /* Pods-What to Pack?.release.xcconfig */;
			buildSettings = {
				ASSETCATALOG_COMPILER_APPICON_NAME = AppIcon;
				ASSETCATALOG_COMPILER_LAUNCHIMAGE_NAME = LaunchImage;
				CODE_SIGN_IDENTITY = "iPhone Developer";
				"CODE_SIGN_IDENTITY[sdk=iphoneos*]" = "iPhone Developer";
				FRAMEWORK_SEARCH_PATHS = (
					"$(inherited)",
					"/Users/GeorgesKanaan/Documents/Development/iOS_Development/Apps/What\\ to\\ pack?",
				);
				GCC_PRECOMPILE_PREFIX_HEADER = YES;
				GCC_PREFIX_HEADER = "What to pack?/What to Pack?.temp_caseinsensitive_rename-Prefix.pch";
				INFOPLIST_FILE = "What to pack?/What to Pack?.temp_caseinsensitive_rename-Info.plist";
				IPHONEOS_DEPLOYMENT_TARGET = 7.0;
				PRODUCT_BUNDLE_IDENTIFIER = "com.ge0rges.What-to-pack";
				PRODUCT_NAME = "What to Pack";
				PROVISIONING_PROFILE = "";
				TARGETED_DEVICE_FAMILY = 1;
				WRAPPER_EXTENSION = app;
			};
			name = Release;
		};
/* End XCBuildConfiguration section */

/* Begin XCConfigurationList section */
		DA5E0FD3180D795200302B3C /* Build configuration list for PBXProject "What to Pack?" */ = {
			isa = XCConfigurationList;
			buildConfigurations = (
				DA5E100B180D795200302B3C /* Debug */,
				DA5E100C180D795200302B3C /* Release */,
			);
			defaultConfigurationIsVisible = 0;
			defaultConfigurationName = Release;
		};
		DA5E100D180D795200302B3C /* Build configuration list for PBXNativeTarget "What to Pack?" */ = {
			isa = XCConfigurationList;
			buildConfigurations = (
				DA5E100E180D795200302B3C /* Debug */,
				DA5E100F180D795200302B3C /* Release */,
			);
			defaultConfigurationIsVisible = 0;
			defaultConfigurationName = Release;
		};
/* End XCConfigurationList section */
	};
	rootObject = DA5E0FD0180D795200302B3C /* Project object */;
}
